
Microsoft Visual Studio Solution File, Format Version 12.00
# Visual Studio 14
VisualStudioVersion = 14.0.25420.1
MinimumVisualStudioVersion = 10.0.40219.1
Project("{8BC9CEB8-8B4A-11D0-8D11-00A0C91BC942}") = "accel-c", "accel-c\accel-c.vcxproj", "{ED644D85-31BC-4437-9D38-91A4D23C9D5E}"
EndProject
Project("{8BC9CEB8-8B4A-11D0-8D11-00A0C91BC942}") = "accel-cpp", "accel-cpp\accel-cpp.vcxproj", "{B77CDA73-6E2F-4568-963C-87D44D07570B}"
EndProject
Project("{8BC9CEB8-8B4A-11D0-8D11-00A0C91BC942}") = "accel-test", "accel-test\accel-test.vcxproj", "{EC7F4073-0C0F-48D4-87D4-F3D86CBA4408}"
EndProject
Global
	GlobalSection(SolutionConfigurationPlatforms) = preSolution
		Debug|x64 = Debug|x64
		Debug|x86 = Debug|x86
		Release|x64 = Release|x64
		Release|x86 = Release|x86
	EndGlobalSection
	GlobalSection(ProjectConfigurationPlatforms) = postSolution
		{ED644D85-31BC-4437-9D38-91A4D23C9D5E}.Debug|x64.ActiveCfg = Debug|x64
		{ED644D85-31BC-4437-9D38-91A4D23C9D5E}.Debug|x64.Build.0 = Debug|x64
		{ED644D85-31BC-4437-9D38-91A4D23C9D5E}.Debug|x86.ActiveCfg = Debug|Win32
		{ED644D85-31BC-4437-9D38-91A4D23C9D5E}.Debug|x86.Build.0 = Debug|Win32
		{ED644D85-31BC-4437-9D38-91A4D23C9D5E}.Release|x64.ActiveCfg = Release|x64
		{ED644D85-31BC-4437-9D38-91A4D23C9D5E}.Release|x64.Build.0 = Release|x64
		{ED644D85-31BC-4437-9D38-91A4D23C9D5E}.Release|x86.ActiveCfg = Release|Win32
		{ED644D85-31BC-4437-9D38-91A4D23C9D5E}.Release|x86.Build.0 = Release|Win32
		{B77CDA73-6E2F-4568-963C-87D44D07570B}.Debug|x64.ActiveCfg = Debug|x64
		{B77CDA73-6E2F-4568-963C-87D44D07570B}.Debug|x64.Build.0 = Debug|x64
		{B77CDA73-6E2F-4568-963C-87D44D07570B}.Debug|x86.ActiveCfg = Debug|Win32
		{B77CDA73-6E2F-4568-963C-87D44D07570B}.Debug|x86.Build.0 = Debug|Win32
		{B77CDA73-6E2F-4568-963C-87D44D07570B}.Release|x64.ActiveCfg = Release|x64
		{B77CDA73-6E2F-4568-963C-87D44D07570B}.Release|x64.Build.0 = Release|x64
		{B77CDA73-6E2F-4568-963C-87D44D07570B}.Release|x86.ActiveCfg = Release|Win32
		{B77CDA73-6E2F-4568-963C-87D44D07570B}.Release|x86.Build.0 = Release|Win32
		{EC7F4073-0C0F-48D4-87D4-F3D86CBA4408}.Debug|x64.ActiveCfg = Debug|x64
		{EC7F4073-0C0F-48D4-87D4-F3D86CBA4408}.Debug|x64.Build.0 = Debug|x64
		{EC7F4073-0C0F-48D4-87D4-F3D86CBA4408}.Debug|x86.ActiveCfg = Debug|Win32
		{EC7F4073-0C0F-48D4-87D4-F3D86CBA4408}.Debug|x86.Build.0 = Debug|Win32
		{EC7F4073-0C0F-48D4-87D4-F3D86CBA4408}.Release|x64.ActiveCfg = Release|x64
		{EC7F4073-0C0F-48D4-87D4-F3D86CBA4408}.Release|x64.Build.0 = Release|x64
		{EC7F4073-0C0F-48D4-87D4-F3D86CBA4408}.Release|x86.ActiveCfg = Release|Win32
		{EC7F4073-0C0F-48D4-87D4-F3D86CBA4408}.Release|x86.Build.0 = Release|Win32
	EndGlobalSection
	GlobalSection(SolutionProperties) = preSolution
		HideSolutionNode = FALSE
	EndGlobalSection
EndGlobal
