<?xml version="1.0" encoding="utf-8"?>
<Project ToolsVersion="4.0" xmlns="http://schemas.microsoft.com/developer/msbuild/2003">
  <ItemGroup>
    <Filter Include="源文件">
      <UniqueIdentifier>{4FC737F1-C7A5-4376-A066-2A32D752A2FF}</UniqueIdentifier>
      <Extensions>cpp;c;cc;cxx;def;odl;idl;hpj;bat;asm;asmx</Extensions>
    </Filter>
    <Filter Include="头文件">
      <UniqueIdentifier>{93995380-89BD-4b04-88EB-625FBE52EBFB}</UniqueIdentifier>
      <Extensions>h;hh;hpp;hxx;hm;inl;inc;xsd</Extensions>
    </Filter>
    <Filter Include="资源文件">
      <UniqueIdentifier>{67DA6AB6-F800-4c08-8B7A-83BB121AAD01}</UniqueIdentifier>
      <Extensions>rc;ico;cur;bmp;dlg;rc2;rct;bin;rgs;gif;jpg;jpeg;jpe;resx;tiff;tif;png;wav;mfcribbon-ms</Extensions>
    </Filter>
  </ItemGroup>
  <ItemGroup>
    <ClInclude Include="cryptolib\AES128.h">
      <Filter>头文件</Filter>
    </ClInclude>
    <ClInclude Include="cryptolib\AES192.h">
      <Filter>头文件</Filter>
    </ClInclude>
    <ClInclude Include="cryptolib\AES256.h">
      <Filter>头文件</Filter>
    </ClInclude>
    <ClInclude Include="cryptolib\Blowfish.h">
      <Filter>头文件</Filter>
    </ClInclude>
    <ClInclude Include="cryptolib\CAST-128.h">
      <Filter>头文件</Filter>
    </ClInclude>
    <ClInclude Include="cryptolib\DES.h">
      <Filter>头文件</Filter>
    </ClInclude>
    <ClInclude Include="cryptolib\RC2.h">
      <Filter>头文件</Filter>
    </ClInclude>
    <ClInclude Include="cryptolib\RC4.h">
      <Filter>头文件</Filter>
    </ClInclude>
    <ClInclude Include="cryptolib\RC5-16.h">
      <Filter>头文件</Filter>
    </ClInclude>
    <ClInclude Include="cryptolib\RC5-32.h">
      <Filter>头文件</Filter>
    </ClInclude>
    <ClInclude Include="cryptolib\RC5-64.h">
      <Filter>头文件</Filter>
    </ClInclude>
    <ClInclude Include="cryptolib\TEA.h">
      <Filter>头文件</Filter>
    </ClInclude>
    <ClInclude Include="cryptolib\Twofish128.h">
      <Filter>头文件</Filter>
    </ClInclude>
    <ClInclude Include="cryptolib\Twofish192.h">
      <Filter>头文件</Filter>
    </ClInclude>
    <ClInclude Include="cryptolib\Twofish256.h">
      <Filter>头文件</Filter>
    </ClInclude>
    <ClInclude Include="cryptolib\XTEA.h">
      <Filter>头文件</Filter>
    </ClInclude>
    <ClInclude Include="hashlib\MD2.h">
      <Filter>头文件</Filter>
    </ClInclude>
    <ClInclude Include="hashlib\MD4.h">
      <Filter>头文件</Filter>
    </ClInclude>
    <ClInclude Include="hashlib\MD5.h">
      <Filter>头文件</Filter>
    </ClInclude>
    <ClInclude Include="hashlib\SHA1.h">
      <Filter>头文件</Filter>
    </ClInclude>
    <ClInclude Include="hashlib\SHA224.h">
      <Filter>头文件</Filter>
    </ClInclude>
    <ClInclude Include="hashlib\SHA256.h">
      <Filter>头文件</Filter>
    </ClInclude>
    <ClInclude Include="hashlib\SHA384.h">
      <Filter>头文件</Filter>
    </ClInclude>
    <ClInclude Include="hashlib\SHA512.h">
      <Filter>头文件</Filter>
    </ClInclude>
    <ClInclude Include="mathlib\add.h">
      <Filter>头文件</Filter>
    </ClInclude>
    <ClInclude Include="mathlib\sub.h">
      <Filter>头文件</Filter>
    </ClInclude>
    <ClInclude Include="mathlib\mul.h">
      <Filter>头文件</Filter>
    </ClInclude>
    <ClInclude Include="mathlib\def.h">
      <Filter>头文件</Filter>
    </ClInclude>
    <ClInclude Include="mathlib\cmp.h">
      <Filter>头文件</Filter>
    </ClInclude>
    <ClInclude Include="mathlib\div.h">
      <Filter>头文件</Filter>
    </ClInclude>
    <ClInclude Include="mathlib\powmod.h">
      <Filter>头文件</Filter>
    </ClInclude>
  </ItemGroup>
  <ItemGroup>
    <ClCompile Include="cryptolib\source\AES128.c">
      <Filter>源文件</Filter>
    </ClCompile>
    <ClCompile Include="cryptolib\source\AES128_AESNI.c">
      <Filter>源文件</Filter>
    </ClCompile>
    <ClCompile Include="cryptolib\source\AES192.c">
      <Filter>源文件</Filter>
    </ClCompile>
    <ClCompile Include="cryptolib\source\AES192_AESNI.c">
      <Filter>源文件</Filter>
    </ClCompile>
    <ClCompile Include="cryptolib\source\AES192_AESNI_AVX2.c">
      <Filter>源文件</Filter>
    </ClCompile>
    <ClCompile Include="cryptolib\source\AES256.c">
      <Filter>源文件</Filter>
    </ClCompile>
    <ClCompile Include="cryptolib\source\AES256_AESNI.c">
      <Filter>源文件</Filter>
    </ClCompile>
    <ClCompile Include="cryptolib\source\AESConstant.c">
      <Filter>源文件</Filter>
    </ClCompile>
    <ClCompile Include="cryptolib\source\Blowfish.c">
      <Filter>源文件</Filter>
    </ClCompile>
    <ClCompile Include="cryptolib\source\CAST-128.c">
      <Filter>源文件</Filter>
    </ClCompile>
    <ClCompile Include="cryptolib\source\DES.c">
      <Filter>源文件</Filter>
    </ClCompile>
    <ClCompile Include="cryptolib\source\RC2.c">
      <Filter>源文件</Filter>
    </ClCompile>
    <ClCompile Include="cryptolib\source\RC5-16.c">
      <Filter>源文件</Filter>
    </ClCompile>
    <ClCompile Include="cryptolib\source\RC5-32.c">
      <Filter>源文件</Filter>
    </ClCompile>
    <ClCompile Include="cryptolib\source\RC5-64.c">
      <Filter>源文件</Filter>
    </ClCompile>
    <ClCompile Include="cryptolib\source\TEA.c">
      <Filter>源文件</Filter>
    </ClCompile>
    <ClCompile Include="cryptolib\source\Twofish128.c">
      <Filter>源文件</Filter>
    </ClCompile>
    <ClCompile Include="cryptolib\source\Twofish192.c">
      <Filter>源文件</Filter>
    </ClCompile>
    <ClCompile Include="cryptolib\source\Twofish256.c">
      <Filter>源文件</Filter>
    </ClCompile>
    <ClCompile Include="cryptolib\source\TwofishConstant.c">
      <Filter>源文件</Filter>
    </ClCompile>
    <ClCompile Include="cryptolib\source\XTEA.c">
      <Filter>源文件</Filter>
    </ClCompile>
    <ClCompile Include="hashlib\source\MD2.c">
      <Filter>源文件</Filter>
    </ClCompile>
    <ClCompile Include="hashlib\source\MD2_SSE2.c">
      <Filter>源文件</Filter>
    </ClCompile>
    <ClCompile Include="hashlib\source\MD4.c">
      <Filter>源文件</Filter>
    </ClCompile>
    <ClCompile Include="hashlib\source\MD5.c">
      <Filter>源文件</Filter>
    </ClCompile>
    <ClCompile Include="hashlib\source\SHA1.c">
      <Filter>源文件</Filter>
    </ClCompile>
    <ClCompile Include="hashlib\source\SHA224.c">
      <Filter>源文件</Filter>
    </ClCompile>
    <ClCompile Include="hashlib\source\SHA256.c">
      <Filter>源文件</Filter>
    </ClCompile>
    <ClCompile Include="hashlib\source\SHA384.c">
      <Filter>源文件</Filter>
    </ClCompile>
    <ClCompile Include="hashlib\source\SHA512.c">
      <Filter>源文件</Filter>
    </ClCompile>
    <ClCompile Include="mathlib\source\mul_Karatsuba.c">
      <Filter>源文件</Filter>
    </ClCompile>
    <ClCompile Include="mathlib\source\div.c">
      <Filter>源文件</Filter>
    </ClCompile>
    <ClCompile Include="mathlib\source\powmod.c">
      <Filter>源文件</Filter>
    </ClCompile>
  </ItemGroup>
  <ItemGroup>
    <MASM Include="mathlib\source\div_asm.asm">
      <Filter>源文件</Filter>
    </MASM>
  </ItemGroup>
</Project>